
Microsoft Visual Studio Solution File, Format Version 12.00
# Visual Studio Version 16
VisualStudioVersion = 16.0.30621.155
MinimumVisualStudioVersion = 10.0.40219.1
Project("{FAE04EC0-301F-11D3-BF4B-00C04F79EFBC}") = "1001 Extremamente Básico", "1001 Extremamente Básico\1001 Extremamente Básico.csproj", "{2117AA43-667A-43BA-9098-92611B3E9C73}"
EndProject
Project("{9A19103F-16F7-4668-BE54-9A1E7A4F7556}") = "1061 Tempo de um evento", "1061 Tempo de um evento\1061 Tempo de um evento.csproj", "{9A8786F6-061A-4960-A989-D92993C2C611}"
EndProject
Project("{9A19103F-16F7-4668-BE54-9A1E7A4F7556}") = "1178 Preenchimento de Vetor III", "1178 Preenchimento de Vetor III\1178 Preenchimento de Vetor III.csproj", "{79E01E47-5D1A-444B-B28F-9FEE09C03486}"
EndProject
Project("{9A19103F-16F7-4668-BE54-9A1E7A4F7556}") = "1159 Soma de Pares Consecutivos", "1159 Soma de Pares Consecutivos\1159 Soma de Pares Consecutivos.csproj", "{2CBD24FB-30AC-4AC1-A36D-019E0AF2DBD3}"
EndProject
Project("{9A19103F-16F7-4668-BE54-9A1E7A4F7556}") = "1165 Número Primo", "1165 Número Primo\1165 Número Primo.csproj", "{1C6A7A2E-34DC-4771-ADE8-FCFE7F362692}"
EndProject
Project("{FAE04EC0-301F-11D3-BF4B-00C04F79EFBC}") = "1160 Crescimento Populacional", "1160 Crescimento Populacional\1160 Crescimento Populacional.csproj", "{4BDF1A06-FD32-41A2-98A7-084434F67C74}"
EndProject
Global
	GlobalSection(SolutionConfigurationPlatforms) = preSolution
		Debug|Any CPU = Debug|Any CPU
		Release|Any CPU = Release|Any CPU
	EndGlobalSection
	GlobalSection(ProjectConfigurationPlatforms) = postSolution
		{2117AA43-667A-43BA-9098-92611B3E9C73}.Debug|Any CPU.ActiveCfg = Debug|Any CPU
		{2117AA43-667A-43BA-9098-92611B3E9C73}.Debug|Any CPU.Build.0 = Debug|Any CPU
		{2117AA43-667A-43BA-9098-92611B3E9C73}.Release|Any CPU.ActiveCfg = Release|Any CPU
		{2117AA43-667A-43BA-9098-92611B3E9C73}.Release|Any CPU.Build.0 = Release|Any CPU
		{9A8786F6-061A-4960-A989-D92993C2C611}.Debug|Any CPU.ActiveCfg = Debug|Any CPU
		{9A8786F6-061A-4960-A989-D92993C2C611}.Debug|Any CPU.Build.0 = Debug|Any CPU
		{9A8786F6-061A-4960-A989-D92993C2C611}.Release|Any CPU.ActiveCfg = Release|Any CPU
		{9A8786F6-061A-4960-A989-D92993C2C611}.Release|Any CPU.Build.0 = Release|Any CPU
		{79E01E47-5D1A-444B-B28F-9FEE09C03486}.Debug|Any CPU.ActiveCfg = Debug|Any CPU
		{79E01E47-5D1A-444B-B28F-9FEE09C03486}.Debug|Any CPU.Build.0 = Debug|Any CPU
		{79E01E47-5D1A-444B-B28F-9FEE09C03486}.Release|Any CPU.ActiveCfg = Release|Any CPU
		{79E01E47-5D1A-444B-B28F-9FEE09C03486}.Release|Any CPU.Build.0 = Release|Any CPU
		{2CBD24FB-30AC-4AC1-A36D-019E0AF2DBD3}.Debug|Any CPU.ActiveCfg = Debug|Any CPU
		{2CBD24FB-30AC-4AC1-A36D-019E0AF2DBD3}.Debug|Any CPU.Build.0 = Debug|Any CPU
		{2CBD24FB-30AC-4AC1-A36D-019E0AF2DBD3}.Release|Any CPU.ActiveCfg = Release|Any CPU
		{2CBD24FB-30AC-4AC1-A36D-019E0AF2DBD3}.Release|Any CPU.Build.0 = Release|Any CPU
		{1C6A7A2E-34DC-4771-ADE8-FCFE7F362692}.Debug|Any CPU.ActiveCfg = Debug|Any CPU
		{1C6A7A2E-34DC-4771-ADE8-FCFE7F362692}.Debug|Any CPU.Build.0 = Debug|Any CPU
		{1C6A7A2E-34DC-4771-ADE8-FCFE7F362692}.Release|Any CPU.ActiveCfg = Release|Any CPU
		{1C6A7A2E-34DC-4771-ADE8-FCFE7F362692}.Release|Any CPU.Build.0 = Release|Any CPU
		{4BDF1A06-FD32-41A2-98A7-084434F67C74}.Debug|Any CPU.ActiveCfg = Debug|Any CPU
		{4BDF1A06-FD32-41A2-98A7-084434F67C74}.Debug|Any CPU.Build.0 = Debug|Any CPU
		{4BDF1A06-FD32-41A2-98A7-084434F67C74}.Release|Any CPU.ActiveCfg = Release|Any CPU
		{4BDF1A06-FD32-41A2-98A7-084434F67C74}.Release|Any CPU.Build.0 = Release|Any CPU
	EndGlobalSection
	GlobalSection(SolutionProperties) = preSolution
		HideSolutionNode = FALSE
	EndGlobalSection
	GlobalSection(ExtensibilityGlobals) = postSolution
		SolutionGuid = {4B8A6B2F-D03D-4D92-B501-6EF7A6307077}
	EndGlobalSection
EndGlobal
