
Microsoft Visual Studio Solution File, Format Version 12.00
# Visual Studio 15
VisualStudioVersion = 15.0.28307.168
MinimumVisualStudioVersion = 10.0.40219.1
Project("{FAE04EC0-301F-11D3-BF4B-00C04F79EFBC}") = "1585 Fazendo Pandorgas", "1585 Fazendo Pandorgas\1585 Fazendo Pandorgas.csproj", "{7D6899B0-A282-49BE-8DA9-4F202653B721}"
EndProject
Project("{FAE04EC0-301F-11D3-BF4B-00C04F79EFBC}") = "1091 Divisão da Nlogônia", "1091 Divisão da Nlogônia\1091 Divisão da Nlogônia.csproj", "{4DC0CFDF-7396-4743-8988-7395B315EF0B}"
EndProject
Project("{FAE04EC0-301F-11D3-BF4B-00C04F79EFBC}") = "2295 Frota de Táxi", "2295 Frota de Táxi\2295 Frota de Táxi.csproj", "{BFD36530-8A0C-40B9-B95C-727A2C451B39}"
EndProject
Project("{FAE04EC0-301F-11D3-BF4B-00C04F79EFBC}") = "1245 Botas Perdidas", "1245 Botas Perdidas\1245 Botas Perdidas.csproj", "{1EA74DBB-5277-4043-B76B-9BD8B1A4A873}"
EndProject
Project("{FAE04EC0-301F-11D3-BF4B-00C04F79EFBC}") = "2342 OverrFlow", "2342 OverrFlow\2342 OverrFlow.csproj", "{BCEAD0B8-3D60-47F8-BA90-096CF01DFE74}"
EndProject
Project("{FAE04EC0-301F-11D3-BF4B-00C04F79EFBC}") = "2456 Cartas", "2456 Cartas\2456 Cartas.csproj", "{B1BFC7B5-B2CC-49A0-B9D4-5EAE1EC643CD}"
EndProject
Global
	GlobalSection(SolutionConfigurationPlatforms) = preSolution
		Debug|Any CPU = Debug|Any CPU
		Release|Any CPU = Release|Any CPU
	EndGlobalSection
	GlobalSection(ProjectConfigurationPlatforms) = postSolution
		{7D6899B0-A282-49BE-8DA9-4F202653B721}.Debug|Any CPU.ActiveCfg = Debug|Any CPU
		{7D6899B0-A282-49BE-8DA9-4F202653B721}.Debug|Any CPU.Build.0 = Debug|Any CPU
		{7D6899B0-A282-49BE-8DA9-4F202653B721}.Release|Any CPU.ActiveCfg = Release|Any CPU
		{7D6899B0-A282-49BE-8DA9-4F202653B721}.Release|Any CPU.Build.0 = Release|Any CPU
		{4DC0CFDF-7396-4743-8988-7395B315EF0B}.Debug|Any CPU.ActiveCfg = Debug|Any CPU
		{4DC0CFDF-7396-4743-8988-7395B315EF0B}.Debug|Any CPU.Build.0 = Debug|Any CPU
		{4DC0CFDF-7396-4743-8988-7395B315EF0B}.Release|Any CPU.ActiveCfg = Release|Any CPU
		{4DC0CFDF-7396-4743-8988-7395B315EF0B}.Release|Any CPU.Build.0 = Release|Any CPU
		{BFD36530-8A0C-40B9-B95C-727A2C451B39}.Debug|Any CPU.ActiveCfg = Debug|Any CPU
		{BFD36530-8A0C-40B9-B95C-727A2C451B39}.Debug|Any CPU.Build.0 = Debug|Any CPU
		{BFD36530-8A0C-40B9-B95C-727A2C451B39}.Release|Any CPU.ActiveCfg = Release|Any CPU
		{BFD36530-8A0C-40B9-B95C-727A2C451B39}.Release|Any CPU.Build.0 = Release|Any CPU
		{1EA74DBB-5277-4043-B76B-9BD8B1A4A873}.Debug|Any CPU.ActiveCfg = Debug|Any CPU
		{1EA74DBB-5277-4043-B76B-9BD8B1A4A873}.Debug|Any CPU.Build.0 = Debug|Any CPU
		{1EA74DBB-5277-4043-B76B-9BD8B1A4A873}.Release|Any CPU.ActiveCfg = Release|Any CPU
		{1EA74DBB-5277-4043-B76B-9BD8B1A4A873}.Release|Any CPU.Build.0 = Release|Any CPU
		{BCEAD0B8-3D60-47F8-BA90-096CF01DFE74}.Debug|Any CPU.ActiveCfg = Debug|Any CPU
		{BCEAD0B8-3D60-47F8-BA90-096CF01DFE74}.Debug|Any CPU.Build.0 = Debug|Any CPU
		{BCEAD0B8-3D60-47F8-BA90-096CF01DFE74}.Release|Any CPU.ActiveCfg = Release|Any CPU
		{BCEAD0B8-3D60-47F8-BA90-096CF01DFE74}.Release|Any CPU.Build.0 = Release|Any CPU
		{B1BFC7B5-B2CC-49A0-B9D4-5EAE1EC643CD}.Debug|Any CPU.ActiveCfg = Debug|Any CPU
		{B1BFC7B5-B2CC-49A0-B9D4-5EAE1EC643CD}.Debug|Any CPU.Build.0 = Debug|Any CPU
		{B1BFC7B5-B2CC-49A0-B9D4-5EAE1EC643CD}.Release|Any CPU.ActiveCfg = Release|Any CPU
		{B1BFC7B5-B2CC-49A0-B9D4-5EAE1EC643CD}.Release|Any CPU.Build.0 = Release|Any CPU
	EndGlobalSection
	GlobalSection(SolutionProperties) = preSolution
		HideSolutionNode = FALSE
	EndGlobalSection
	GlobalSection(ExtensibilityGlobals) = postSolution
		SolutionGuid = {BB7C93F1-86EE-4A06-A84C-5EA9ADF9F937}
	EndGlobalSection
EndGlobal
